
Microsoft Visual Studio Solution File, Format Version 11.00
# Visual Studio 2010
Project("{8BC9CEB8-8B4A-11D0-8D11-00A0C91BC942}") = "polaris_io", "polaris_io\polaris_io.vcxproj", "{053210B1-42B8-4C45-A71D-9AC11BE06EE1}"
EndProject
Project("{8BC9CEB8-8B4A-11D0-8D11-00A0C91BC942}") = "driver", "driver\driver.vcxproj", "{751D10B4-6D58-4E78-9418-94E90F424EAD}"
EndProject
Global
	GlobalSection(SolutionConfigurationPlatforms) = preSolution
		Debug|Win32 = Debug|Win32
		Release|Win32 = Release|Win32
	EndGlobalSection
	GlobalSection(ProjectConfigurationPlatforms) = postSolution
		{053210B1-42B8-4C45-A71D-9AC11BE06EE1}.Debug|Win32.ActiveCfg = Debug|Win32
		{053210B1-42B8-4C45-A71D-9AC11BE06EE1}.Debug|Win32.Build.0 = Debug|Win32
		{053210B1-42B8-4C45-A71D-9AC11BE06EE1}.Release|Win32.ActiveCfg = Release|Win32
		{053210B1-42B8-4C45-A71D-9AC11BE06EE1}.Release|Win32.Build.0 = Release|Win32
		{751D10B4-6D58-4E78-9418-94E90F424EAD}.Debug|Win32.ActiveCfg = Debug|Win32
		{751D10B4-6D58-4E78-9418-94E90F424EAD}.Debug|Win32.Build.0 = Debug|Win32
		{751D10B4-6D58-4E78-9418-94E90F424EAD}.Release|Win32.ActiveCfg = Release|Win32
		{751D10B4-6D58-4E78-9418-94E90F424EAD}.Release|Win32.Build.0 = Release|Win32
	EndGlobalSection
	GlobalSection(SolutionProperties) = preSolution
		HideSolutionNode = FALSE
	EndGlobalSection
EndGlobal
